
Microsoft Visual Studio Solution File, Format Version 12.00
# Visual Studio Version 16
VisualStudioVersion = 16.0.29411.108
MinimumVisualStudioVersion = 10.0.40219.1
Project("{9A19103F-16F7-4668-BE54-9A1E7A4F7556}") = "Assignment4Test", "Assignment4Test\Assignment4Test.csproj", "{38C8760B-38B5-48D3-AFB8-1E978D110DD5}"
EndProject
Project("{9A19103F-16F7-4668-BE54-9A1E7A4F7556}") = "Assignment4", "Assignment4\Assignment4.csproj", "{BFE17C6B-EA97-4F6A-AC8C-F8F7EECFC123}"
EndProject
Global
	GlobalSection(SolutionConfigurationPlatforms) = preSolution
		Debug|Any CPU = Debug|Any CPU
		Release|Any CPU = Release|Any CPU
	EndGlobalSection
	GlobalSection(ProjectConfigurationPlatforms) = postSolution
		{38C8760B-38B5-48D3-AFB8-1E978D110DD5}.Debug|Any CPU.ActiveCfg = Debug|Any CPU
		{38C8760B-38B5-48D3-AFB8-1E978D110DD5}.Debug|Any CPU.Build.0 = Debug|Any CPU
		{38C8760B-38B5-48D3-AFB8-1E978D110DD5}.Release|Any CPU.ActiveCfg = Release|Any CPU
		{38C8760B-38B5-48D3-AFB8-1E978D110DD5}.Release|Any CPU.Build.0 = Release|Any CPU
		{BFE17C6B-EA97-4F6A-AC8C-F8F7EECFC123}.Debug|Any CPU.ActiveCfg = Debug|Any CPU
		{BFE17C6B-EA97-4F6A-AC8C-F8F7EECFC123}.Debug|Any CPU.Build.0 = Debug|Any CPU
		{BFE17C6B-EA97-4F6A-AC8C-F8F7EECFC123}.Release|Any CPU.ActiveCfg = Release|Any CPU
		{BFE17C6B-EA97-4F6A-AC8C-F8F7EECFC123}.Release|Any CPU.Build.0 = Release|Any CPU
	EndGlobalSection
	GlobalSection(SolutionProperties) = preSolution
		HideSolutionNode = FALSE
	EndGlobalSection
	GlobalSection(ExtensibilityGlobals) = postSolution
		SolutionGuid = {7C983C7F-1D2A-473F-8027-5397D2971C44}
	EndGlobalSection
EndGlobal
